{
  "lockfileVersion": 1,
  "workspaces": {
    "": {
      "name": "coiny",
      "dependencies": {
        "@raycast/api": "^1.101.0",
        "axios": "^1.10.0",
        "effect": "^3.16.16",
        "react": "^19.1.0",
      },
      "devDependencies": {
        "@types/bun": "latest",
        "@types/react": "^19.1.8",
      },
      "peerDependencies": {
        "typescript": "^5",
      },
    },
  },
  "packages": {
    "@esbuild/darwin-arm64": ["@esbuild/darwin-arm64@0.25.6", "", { "os": "darwin", "cpu": "arm64" }, ""],

    "@inquirer/checkbox": ["@inquirer/checkbox@4.1.9", "", { "dependencies": { "@inquirer/core": "^10.1.14", "@inquirer/figures": "^1.0.12", "@inquirer/type": "^3.0.7", "ansi-escapes": "^4.3.2", "yoctocolors-cjs": "^2.1.2" }, "peerDependencies": { "@types/node": ">=18" } }, ""],

    "@inquirer/confirm": ["@inquirer/confirm@5.1.13", "", { "dependencies": { "@inquirer/core": "^10.1.14", "@inquirer/type": "^3.0.7" }, "peerDependencies": { "@types/node": ">=18" } }, ""],

    "@inquirer/core": ["@inquirer/core@10.1.14", "", { "dependencies": { "@inquirer/figures": "^1.0.12", "@inquirer/type": "^3.0.7", "ansi-escapes": "^4.3.2", "cli-width": "^4.1.0", "mute-stream": "^2.0.0", "signal-exit": "^4.1.0", "wrap-ansi": "^6.2.0", "yoctocolors-cjs": "^2.1.2" }, "peerDependencies": { "@types/node": ">=18" } }, ""],

    "@inquirer/editor": ["@inquirer/editor@4.2.14", "", { "dependencies": { "@inquirer/core": "^10.1.14", "@inquirer/type": "^3.0.7", "external-editor": "^3.1.0" }, "peerDependencies": { "@types/node": ">=18" } }, ""],

    "@inquirer/expand": ["@inquirer/expand@4.0.16", "", { "dependencies": { "@inquirer/core": "^10.1.14", "@inquirer/type": "^3.0.7", "yoctocolors-cjs": "^2.1.2" }, "peerDependencies": { "@types/node": ">=18" } }, ""],

    "@inquirer/figures": ["@inquirer/figures@1.0.12", "", {}, ""],

    "@inquirer/input": ["@inquirer/input@4.2.0", "", { "dependencies": { "@inquirer/core": "^10.1.14", "@inquirer/type": "^3.0.7" }, "peerDependencies": { "@types/node": ">=18" } }, ""],

    "@inquirer/number": ["@inquirer/number@3.0.16", "", { "dependencies": { "@inquirer/core": "^10.1.14", "@inquirer/type": "^3.0.7" }, "peerDependencies": { "@types/node": ">=18" } }, ""],

    "@inquirer/password": ["@inquirer/password@4.0.16", "", { "dependencies": { "@inquirer/core": "^10.1.14", "@inquirer/type": "^3.0.7", "ansi-escapes": "^4.3.2" }, "peerDependencies": { "@types/node": ">=18" } }, ""],

    "@inquirer/prompts": ["@inquirer/prompts@7.6.0", "", { "dependencies": { "@inquirer/checkbox": "^4.1.9", "@inquirer/confirm": "^5.1.13", "@inquirer/editor": "^4.2.14", "@inquirer/expand": "^4.0.16", "@inquirer/input": "^4.2.0", "@inquirer/number": "^3.0.16", "@inquirer/password": "^4.0.16", "@inquirer/rawlist": "^4.1.4", "@inquirer/search": "^3.0.16", "@inquirer/select": "^4.2.4" }, "peerDependencies": { "@types/node": ">=18" } }, ""],

    "@inquirer/rawlist": ["@inquirer/rawlist@4.1.4", "", { "dependencies": { "@inquirer/core": "^10.1.14", "@inquirer/type": "^3.0.7", "yoctocolors-cjs": "^2.1.2" }, "peerDependencies": { "@types/node": ">=18" } }, ""],

    "@inquirer/search": ["@inquirer/search@3.0.16", "", { "dependencies": { "@inquirer/core": "^10.1.14", "@inquirer/figures": "^1.0.12", "@inquirer/type": "^3.0.7", "yoctocolors-cjs": "^2.1.2" }, "peerDependencies": { "@types/node": ">=18" } }, ""],

    "@inquirer/select": ["@inquirer/select@4.2.4", "", { "dependencies": { "@inquirer/core": "^10.1.14", "@inquirer/figures": "^1.0.12", "@inquirer/type": "^3.0.7", "ansi-escapes": "^4.3.2", "yoctocolors-cjs": "^2.1.2" }, "peerDependencies": { "@types/node": ">=18" } }, ""],

    "@inquirer/type": ["@inquirer/type@3.0.7", "", { "peerDependencies": { "@types/node": ">=18" } }, ""],

    "@oclif/core": ["@oclif/core@4.5.1", "", { "dependencies": { "ansi-escapes": "^4.3.2", "ansis": "^3.17.0", "clean-stack": "^3.0.1", "cli-spinners": "^2.9.2", "debug": "^4.4.0", "ejs": "^3.1.10", "get-package-type": "^0.1.0", "indent-string": "^4.0.0", "is-wsl": "^2.2.0", "lilconfig": "^3.1.3", "minimatch": "^9.0.5", "semver": "^7.6.3", "string-width": "^4.2.3", "supports-color": "^8", "tinyglobby": "^0.2.14", "widest-line": "^3.1.0", "wordwrap": "^1.0.0", "wrap-ansi": "^7.0.0" } }, ""],

    "@oclif/plugin-autocomplete": ["@oclif/plugin-autocomplete@3.2.33", "", { "dependencies": { "@oclif/core": "^4", "ansis": "^3.16.0", "debug": "^4.4.1", "ejs": "^3.1.10" } }, ""],

    "@oclif/plugin-help": ["@oclif/plugin-help@6.2.31", "", { "dependencies": { "@oclif/core": "^4" } }, ""],

    "@oclif/plugin-not-found": ["@oclif/plugin-not-found@3.2.60", "", { "dependencies": { "@inquirer/prompts": "^7.6.0", "@oclif/core": "^4.5.1", "ansis": "^3.17.0", "fast-levenshtein": "^3.0.0" } }, ""],

    "@raycast/api": ["@raycast/api@1.101.0", "", { "dependencies": { "@oclif/core": "^4.4.1", "@oclif/plugin-autocomplete": "^3.2.31", "@oclif/plugin-help": "^6.2.29", "@oclif/plugin-not-found": "^3.2.57", "@types/node": "22.13.10", "@types/react": "19.0.10", "esbuild": "^0.25.5", "react": "19.0.0" }, "peerDependencies": { "@types/node": "22.13.10", "@types/react": "19.0.10", "react-devtools": "6.1.1" }, "optionalPeers": ["react-devtools"], "bin": { "ray": "bin/run.js" } }, ""],

    "@standard-schema/spec": ["@standard-schema/spec@1.0.0", "", {}, ""],

    "@types/bun": ["@types/bun@1.2.18", "", { "dependencies": { "bun-types": "1.2.18" } }, "sha512-Xf6RaWVheyemaThV0kUfaAUvCNokFr+bH8Jxp+tTZfx7dAPA8z9ePnP9S9+Vspzuxxx9JRAXhnyccRj3GyCMdQ=="],

    "@types/node": ["@types/node@22.13.10", "", { "dependencies": { "undici-types": "~6.20.0" } }, ""],

    "@types/react": ["@types/react@19.1.8", "", { "dependencies": { "csstype": "^3.0.2" } }, ""],

    "ansi-escapes": ["ansi-escapes@4.3.2", "", { "dependencies": { "type-fest": "^0.21.3" } }, ""],

    "ansi-regex": ["ansi-regex@5.0.1", "", {}, ""],

    "ansi-styles": ["ansi-styles@4.3.0", "", { "dependencies": { "color-convert": "^2.0.1" } }, ""],

    "ansis": ["ansis@3.17.0", "", {}, ""],

    "async": ["async@3.2.6", "", {}, ""],

    "asynckit": ["asynckit@0.4.0", "", {}, ""],

    "axios": ["axios@1.10.0", "", { "dependencies": { "follow-redirects": "^1.15.6", "form-data": "^4.0.0", "proxy-from-env": "^1.1.0" } }, ""],

    "balanced-match": ["balanced-match@1.0.2", "", {}, ""],

    "brace-expansion": ["brace-expansion@2.0.2", "", { "dependencies": { "balanced-match": "^1.0.0" } }, ""],

    "bun-types": ["bun-types@1.2.18", "", { "dependencies": { "@types/node": "*" }, "peerDependencies": { "@types/react": "^19" } }, ""],

    "call-bind-apply-helpers": ["call-bind-apply-helpers@1.0.2", "", { "dependencies": { "es-errors": "^1.3.0", "function-bind": "^1.1.2" } }, ""],

    "chalk": ["chalk@4.1.2", "", { "dependencies": { "ansi-styles": "^4.1.0", "supports-color": "^7.1.0" } }, ""],

    "chardet": ["chardet@0.7.0", "", {}, ""],

    "clean-stack": ["clean-stack@3.0.1", "", { "dependencies": { "escape-string-regexp": "4.0.0" } }, ""],

    "cli-spinners": ["cli-spinners@2.9.2", "", {}, ""],

    "cli-width": ["cli-width@4.1.0", "", {}, ""],

    "color-convert": ["color-convert@2.0.1", "", { "dependencies": { "color-name": "~1.1.4" } }, ""],

    "color-name": ["color-name@1.1.4", "", {}, ""],

    "combined-stream": ["combined-stream@1.0.8", "", { "dependencies": { "delayed-stream": "~1.0.0" } }, ""],

    "concat-map": ["concat-map@0.0.1", "", {}, ""],

    "csstype": ["csstype@3.1.3", "", {}, ""],

    "debug": ["debug@4.4.1", "", { "dependencies": { "ms": "^2.1.3" } }, ""],

    "delayed-stream": ["delayed-stream@1.0.0", "", {}, ""],

    "dunder-proto": ["dunder-proto@1.0.1", "", { "dependencies": { "call-bind-apply-helpers": "^1.0.1", "es-errors": "^1.3.0", "gopd": "^1.2.0" } }, ""],

    "effect": ["effect@3.16.16", "", { "dependencies": { "@standard-schema/spec": "^1.0.0", "fast-check": "^3.23.1" } }, ""],

    "ejs": ["ejs@3.1.10", "", { "dependencies": { "jake": "^10.8.5" }, "bin": "bin/cli.js" }, ""],

    "emoji-regex": ["emoji-regex@8.0.0", "", {}, ""],

    "es-define-property": ["es-define-property@1.0.1", "", {}, ""],

    "es-errors": ["es-errors@1.3.0", "", {}, ""],

    "es-object-atoms": ["es-object-atoms@1.1.1", "", { "dependencies": { "es-errors": "^1.3.0" } }, ""],

    "es-set-tostringtag": ["es-set-tostringtag@2.1.0", "", { "dependencies": { "es-errors": "^1.3.0", "get-intrinsic": "^1.2.6", "has-tostringtag": "^1.0.2", "hasown": "^2.0.2" } }, ""],

    "esbuild": ["esbuild@0.25.6", "", { "optionalDependencies": { "@esbuild/darwin-arm64": "0.25.6" }, "bin": "bin/esbuild" }, ""],

    "escape-string-regexp": ["escape-string-regexp@4.0.0", "", {}, ""],

    "external-editor": ["external-editor@3.1.0", "", { "dependencies": { "chardet": "^0.7.0", "iconv-lite": "^0.4.24", "tmp": "^0.0.33" } }, ""],

    "fast-check": ["fast-check@3.23.2", "", { "dependencies": { "pure-rand": "^6.1.0" } }, ""],

    "fast-levenshtein": ["fast-levenshtein@3.0.0", "", { "dependencies": { "fastest-levenshtein": "^1.0.7" } }, ""],

    "fastest-levenshtein": ["fastest-levenshtein@1.0.16", "", {}, ""],

    "fdir": ["fdir@6.4.6", "", { "peerDependencies": { "picomatch": "^3 || ^4" } }, ""],

    "filelist": ["filelist@1.0.4", "", { "dependencies": { "minimatch": "^5.0.1" } }, ""],

    "follow-redirects": ["follow-redirects@1.15.9", "", {}, ""],

    "form-data": ["form-data@4.0.3", "", { "dependencies": { "asynckit": "^0.4.0", "combined-stream": "^1.0.8", "es-set-tostringtag": "^2.1.0", "hasown": "^2.0.2", "mime-types": "^2.1.12" } }, ""],

    "function-bind": ["function-bind@1.1.2", "", {}, ""],

    "get-intrinsic": ["get-intrinsic@1.3.0", "", { "dependencies": { "call-bind-apply-helpers": "^1.0.2", "es-define-property": "^1.0.1", "es-errors": "^1.3.0", "es-object-atoms": "^1.1.1", "function-bind": "^1.1.2", "get-proto": "^1.0.1", "gopd": "^1.2.0", "has-symbols": "^1.1.0", "hasown": "^2.0.2", "math-intrinsics": "^1.1.0" } }, ""],

    "get-package-type": ["get-package-type@0.1.0", "", {}, ""],

    "get-proto": ["get-proto@1.0.1", "", { "dependencies": { "dunder-proto": "^1.0.1", "es-object-atoms": "^1.0.0" } }, ""],

    "gopd": ["gopd@1.2.0", "", {}, ""],

    "has-flag": ["has-flag@4.0.0", "", {}, ""],

    "has-symbols": ["has-symbols@1.1.0", "", {}, ""],

    "has-tostringtag": ["has-tostringtag@1.0.2", "", { "dependencies": { "has-symbols": "^1.0.3" } }, ""],

    "hasown": ["hasown@2.0.2", "", { "dependencies": { "function-bind": "^1.1.2" } }, ""],

    "iconv-lite": ["iconv-lite@0.4.24", "", { "dependencies": { "safer-buffer": ">= 2.1.2 < 3" } }, ""],

    "indent-string": ["indent-string@4.0.0", "", {}, ""],

    "is-docker": ["is-docker@2.2.1", "", { "bin": "cli.js" }, ""],

    "is-fullwidth-code-point": ["is-fullwidth-code-point@3.0.0", "", {}, ""],

    "is-wsl": ["is-wsl@2.2.0", "", { "dependencies": { "is-docker": "^2.0.0" } }, ""],

    "jake": ["jake@10.9.2", "", { "dependencies": { "async": "^3.2.3", "chalk": "^4.0.2", "filelist": "^1.0.4", "minimatch": "^3.1.2" }, "bin": "bin/cli.js" }, ""],

    "lilconfig": ["lilconfig@3.1.3", "", {}, ""],

    "math-intrinsics": ["math-intrinsics@1.1.0", "", {}, ""],

    "mime-db": ["mime-db@1.52.0", "", {}, ""],

    "mime-types": ["mime-types@2.1.35", "", { "dependencies": { "mime-db": "1.52.0" } }, ""],

    "minimatch": ["minimatch@9.0.5", "", { "dependencies": { "brace-expansion": "^2.0.1" } }, ""],

    "ms": ["ms@2.1.3", "", {}, ""],

    "mute-stream": ["mute-stream@2.0.0", "", {}, ""],

    "os-tmpdir": ["os-tmpdir@1.0.2", "", {}, ""],

    "picomatch": ["picomatch@4.0.3", "", {}, ""],

    "proxy-from-env": ["proxy-from-env@1.1.0", "", {}, ""],

    "pure-rand": ["pure-rand@6.1.0", "", {}, ""],

    "react": ["react@19.1.0", "", {}, ""],

    "safer-buffer": ["safer-buffer@2.1.2", "", {}, ""],

    "semver": ["semver@7.7.2", "", { "bin": "bin/semver.js" }, ""],

    "signal-exit": ["signal-exit@4.1.0", "", {}, ""],

    "string-width": ["string-width@4.2.3", "", { "dependencies": { "emoji-regex": "^8.0.0", "is-fullwidth-code-point": "^3.0.0", "strip-ansi": "^6.0.1" } }, ""],

    "strip-ansi": ["strip-ansi@6.0.1", "", { "dependencies": { "ansi-regex": "^5.0.1" } }, ""],

    "supports-color": ["supports-color@8.1.1", "", { "dependencies": { "has-flag": "^4.0.0" } }, ""],

    "tinyglobby": ["tinyglobby@0.2.14", "", { "dependencies": { "fdir": "^6.4.4", "picomatch": "^4.0.2" } }, ""],

    "tmp": ["tmp@0.0.33", "", { "dependencies": { "os-tmpdir": "~1.0.2" } }, ""],

    "type-fest": ["type-fest@0.21.3", "", {}, ""],

    "typescript": ["typescript@5.8.3", "", { "bin": { "tsc": "bin/tsc", "tsserver": "bin/tsserver" } }, ""],

    "undici-types": ["undici-types@6.20.0", "", {}, ""],

    "widest-line": ["widest-line@3.1.0", "", { "dependencies": { "string-width": "^4.0.0" } }, ""],

    "wordwrap": ["wordwrap@1.0.0", "", {}, ""],

    "wrap-ansi": ["wrap-ansi@7.0.0", "", { "dependencies": { "ansi-styles": "^4.0.0", "string-width": "^4.1.0", "strip-ansi": "^6.0.0" } }, ""],

    "yoctocolors-cjs": ["yoctocolors-cjs@2.1.2", "", {}, ""],

    "@inquirer/core/wrap-ansi": ["wrap-ansi@6.2.0", "", { "dependencies": { "ansi-styles": "^4.0.0", "string-width": "^4.1.0", "strip-ansi": "^6.0.0" } }, ""],

    "@raycast/api/@types/react": ["@types/react@19.0.10", "", { "dependencies": { "csstype": "^3.0.2" } }, ""],

    "@raycast/api/react": ["react@19.0.0", "", {}, ""],

    "bun-types/@types/node": ["@types/node@24.0.14", "", { "dependencies": { "undici-types": "~7.8.0" } }, ""],

    "chalk/supports-color": ["supports-color@7.2.0", "", { "dependencies": { "has-flag": "^4.0.0" } }, ""],

    "filelist/minimatch": ["minimatch@5.1.6", "", { "dependencies": { "brace-expansion": "^2.0.1" } }, ""],

    "jake/minimatch": ["minimatch@3.1.2", "", { "dependencies": { "brace-expansion": "^1.1.7" } }, ""],

    "bun-types/@types/node/undici-types": ["undici-types@7.8.0", "", {}, ""],

    "jake/minimatch/brace-expansion": ["brace-expansion@1.1.12", "", { "dependencies": { "balanced-match": "^1.0.0", "concat-map": "0.0.1" } }, ""],
  }
}
